
Microsoft Visual Studio Solution File, Format Version 12.00
# Visual Studio 15
VisualStudioVersion = 15.0.28307.572
MinimumVisualStudioVersion = 10.0.40219.1
Project("{FAE04EC0-301F-11D3-BF4B-00C04F79EFBC}") = "FormRegistrazione", "FormRegistrazione\FormRegistrazione.csproj", "{53CE9D37-6E35-4EFA-B091-30A48CADF4E2}"
EndProject
Global
	GlobalSection(SolutionConfigurationPlatforms) = preSolution
		Debug|Any CPU = Debug|Any CPU
		Release|Any CPU = Release|Any CPU
	EndGlobalSection
	GlobalSection(ProjectConfigurationPlatforms) = postSolution
		{53CE9D37-6E35-4EFA-B091-30A48CADF4E2}.Debug|Any CPU.ActiveCfg = Debug|Any CPU
		{53CE9D37-6E35-4EFA-B091-30A48CADF4E2}.Debug|Any CPU.Build.0 = Debug|Any CPU
		{53CE9D37-6E35-4EFA-B091-30A48CADF4E2}.Release|Any CPU.ActiveCfg = Release|Any CPU
		{53CE9D37-6E35-4EFA-B091-30A48CADF4E2}.Release|Any CPU.Build.0 = Release|Any CPU
	EndGlobalSection
	GlobalSection(SolutionProperties) = preSolution
		HideSolutionNode = FALSE
	EndGlobalSection
	GlobalSection(ExtensibilityGlobals) = postSolution
		SolutionGuid = {028B9788-C70F-4C07-9655-6CC5DD11C927}
	EndGlobalSection
EndGlobal
